
Microsoft Visual Studio Solution File, Format Version 12.00
# Visual Studio 2015
Project("{FAE04EC0-301F-11D3-BF4B-00C04F79EFBC}") = "FrogsAndFireflies", "FrogsAndFireflies.csproj", "{387CD85F-7DA9-DEAA-10D9-9AF9500B7315}"
EndProject
Global
	GlobalSection(SolutionConfigurationPlatforms) = preSolution
		Debug|Any CPU = Debug|Any CPU
		Release|Any CPU = Release|Any CPU
	EndGlobalSection
	GlobalSection(ProjectConfigurationPlatforms) = postSolution
		{387CD85F-7DA9-DEAA-10D9-9AF9500B7315}.Debug|Any CPU.ActiveCfg = Debug|Any CPU
		{387CD85F-7DA9-DEAA-10D9-9AF9500B7315}.Debug|Any CPU.Build.0 = Debug|Any CPU
		{387CD85F-7DA9-DEAA-10D9-9AF9500B7315}.Release|Any CPU.ActiveCfg = Release|Any CPU
		{387CD85F-7DA9-DEAA-10D9-9AF9500B7315}.Release|Any CPU.Build.0 = Release|Any CPU
	EndGlobalSection
	GlobalSection(SolutionProperties) = preSolution
		HideSolutionNode = FALSE
	EndGlobalSection
EndGlobal
